// !$*UTF8*$!
{
	archiveVersion = 1;
	classes = {
	};
	objectVersion = 50;
	objects = {

/* Begin PBXBuildFile section */
		12078C7D258E1BA800DEBD24 /* AppDelegate.swift in Sources */ = {isa = PBXBuildFile; fileRef = 12078C7C258E1BA800DEBD24 /* AppDelegate.swift */; };
		12078C7F258E1BA800DEBD24 /* SceneDelegate.swift in Sources */ = {isa = PBXBuildFile; fileRef = 12078C7E258E1BA800DEBD24 /* SceneDelegate.swift */; };
		12078C81258E1BA800DEBD24 /* WeatherViewController.swift in Sources */ = {isa = PBXBuildFile; fileRef = 12078C80258E1BA800DEBD24 /* WeatherViewController.swift */; };
		12078C84258E1BA800DEBD24 /* Main.storyboard in Resources */ = {isa = PBXBuildFile; fileRef = 12078C82258E1BA800DEBD24 /* Main.storyboard */; };
		12078C86258E1BA900DEBD24 /* Assets.xcassets in Resources */ = {isa = PBXBuildFile; fileRef = 12078C85258E1BA900DEBD24 /* Assets.xcassets */; };
		12078C89258E1BA900DEBD24 /* LaunchScreen.storyboard in Resources */ = {isa = PBXBuildFile; fileRef = 12078C87258E1BA900DEBD24 /* LaunchScreen.storyboard */; };
		12078C93258E2D1300DEBD24 /* SearchBar + TableView.swift in Sources */ = {isa = PBXBuildFile; fileRef = 12078C92258E2D1300DEBD24 /* SearchBar + TableView.swift */; };
		12078C96258E301400DEBD24 /* SearchResponse.swift in Sources */ = {isa = PBXBuildFile; fileRef = 12078C95258E301400DEBD24 /* SearchResponse.swift */; };
		12078C99258E4AA800DEBD24 /* SearchResponse.xib in Resources */ = {isa = PBXBuildFile; fileRef = 12078C98258E4AA800DEBD24 /* SearchResponse.xib */; };
		12078C9F258E4F7E00DEBD24 /* SearchResponseCell.swift in Sources */ = {isa = PBXBuildFile; fileRef = 12078C9E258E4F7E00DEBD24 /* SearchResponseCell.swift */; };
		12078CA3258E5A9A00DEBD24 /* NothingFound.xib in Resources */ = {isa = PBXBuildFile; fileRef = 12078CA2258E5A9A00DEBD24 /* NothingFound.xib */; };
/* End PBXBuildFile section */

/* Begin PBXFileReference section */
		12078C79258E1BA800DEBD24 /* WAkz.app */ = {isa = PBXFileReference; explicitFileType = wrapper.application; includeInIndex = 0; path = WAkz.app; sourceTree = BUILT_PRODUCTS_DIR; };
		12078C7C258E1BA800DEBD24 /* AppDelegate.swift */ = {isa = PBXFileReference; lastKnownFileType = sourcecode.swift; path = AppDelegate.swift; sourceTree = "<group>"; };
		12078C7E258E1BA800DEBD24 /* SceneDelegate.swift */ = {isa = PBXFileReference; lastKnownFileType = sourcecode.swift; path = SceneDelegate.swift; sourceTree = "<group>"; };
		12078C80258E1BA800DEBD24 /* WeatherViewController.swift */ = {isa = PBXFileReference; lastKnownFileType = sourcecode.swift; path = WeatherViewController.swift; sourceTree = "<group>"; };
		12078C83258E1BA800DEBD24 /* Base */ = {isa = PBXFileReference; lastKnownFileType = file.storyboard; name = Base; path = Base.lproj/Main.storyboard; sourceTree = "<group>"; };
		12078C85258E1BA900DEBD24 /* Assets.xcassets */ = {isa = PBXFileReference; lastKnownFileType = folder.assetcatalog; path = Assets.xcassets; sourceTree = "<group>"; };
		12078C88258E1BA900DEBD24 /* Base */ = {isa = PBXFileReference; lastKnownFileType = file.storyboard; name = Base; path = Base.lproj/LaunchScreen.storyboard; sourceTree = "<group>"; };
		12078C8A258E1BA900DEBD24 /* Info.plist */ = {isa = PBXFileReference; lastKnownFileType = text.plist.xml; path = Info.plist; sourceTree = "<group>"; };
		12078C92258E2D1300DEBD24 /* SearchBar + TableView.swift */ = {isa = PBXFileReference; lastKnownFileType = sourcecode.swift; path = "SearchBar + TableView.swift"; sourceTree = "<group>"; };
		12078C95258E301400DEBD24 /* SearchResponse.swift */ = {isa = PBXFileReference; lastKnownFileType = sourcecode.swift; path = SearchResponse.swift; sourceTree = "<group>"; };
		12078C98258E4AA800DEBD24 /* SearchResponse.xib */ = {isa = PBXFileReference; lastKnownFileType = file.xib; path = SearchResponse.xib; sourceTree = "<group>"; };
		12078C9E258E4F7E00DEBD24 /* SearchResponseCell.swift */ = {isa = PBXFileReference; lastKnownFileType = sourcecode.swift; path = SearchResponseCell.swift; sourceTree = "<group>"; };
		12078CA2258E5A9A00DEBD24 /* NothingFound.xib */ = {isa = PBXFileReference; lastKnownFileType = file.xib; path = NothingFound.xib; sourceTree = "<group>"; };
/* End PBXFileReference section */

/* Begin PBXFrameworksBuildPhase section */
		12078C76258E1BA800DEBD24 /* Frameworks */ = {
			isa = PBXFrameworksBuildPhase;
			buildActionMask = 2147483647;
			files = (
			);
			runOnlyForDeploymentPostprocessing = 0;
		};
/* End PBXFrameworksBuildPhase section */

/* Begin PBXGroup section */
		12078C70258E1BA700DEBD24 = {
			isa = PBXGroup;
			children = (
				12078C7B258E1BA800DEBD24 /* WAkz */,
				12078C7A258E1BA800DEBD24 /* Products */,
			);
			sourceTree = "<group>";
		};
		12078C7A258E1BA800DEBD24 /* Products */ = {
			isa = PBXGroup;
			children = (
				12078C79258E1BA800DEBD24 /* WAkz.app */,
			);
			name = Products;
			sourceTree = "<group>";
		};
		12078C7B258E1BA800DEBD24 /* WAkz */ = {
			isa = PBXGroup;
			children = (
				12078C7C258E1BA800DEBD24 /* AppDelegate.swift */,
				12078C7E258E1BA800DEBD24 /* SceneDelegate.swift */,
				12078C80258E1BA800DEBD24 /* WeatherViewController.swift */,
				12078C82258E1BA800DEBD24 /* Main.storyboard */,
				12078C85258E1BA900DEBD24 /* Assets.xcassets */,
				12078C87258E1BA900DEBD24 /* LaunchScreen.storyboard */,
				12078C8A258E1BA900DEBD24 /* Info.plist */,
				12078C92258E2D1300DEBD24 /* SearchBar + TableView.swift */,
				12078C95258E301400DEBD24 /* SearchResponse.swift */,
				12078C98258E4AA800DEBD24 /* SearchResponse.xib */,
				12078C9E258E4F7E00DEBD24 /* SearchResponseCell.swift */,
				12078CA2258E5A9A00DEBD24 /* NothingFound.xib */,
			);
			path = WAkz;
			sourceTree = "<group>";
		};
/* End PBXGroup section */

/* Begin PBXNativeTarget section */
		12078C78258E1BA800DEBD24 /* WAkz */ = {
			isa = PBXNativeTarget;
			buildConfigurationList = 12078C8D258E1BA900DEBD24 /* Build configuration list for PBXNativeTarget "WAkz" */;
			buildPhases = (
				12078C75258E1BA800DEBD24 /* Sources */,
				12078C76258E1BA800DEBD24 /* Frameworks */,
				12078C77258E1BA800DEBD24 /* Resources */,
			);
			buildRules = (
			);
			dependencies = (
			);
			name = WAkz;
			productName = WAkz;
			productReference = 12078C79258E1BA800DEBD24 /* WAkz.app */;
			productType = "com.apple.product-type.application";
		};
/* End PBXNativeTarget section */

/* Begin PBXProject section */
		12078C71258E1BA700DEBD24 /* Project object */ = {
			isa = PBXProject;
			attributes = {
				LastSwiftUpdateCheck = 1230;
				LastUpgradeCheck = 1230;
				TargetAttributes = {
					12078C78258E1BA800DEBD24 = {
						CreatedOnToolsVersion = 12.3;
					};
				};
			};
			buildConfigurationList = 12078C74258E1BA700DEBD24 /* Build configuration list for PBXProject "WAkz" */;
			compatibilityVersion = "Xcode 9.3";
			developmentRegion = en;
			hasScannedForEncodings = 0;
			knownRegions = (
				en,
				Base,
			);
			mainGroup = 12078C70258E1BA700DEBD24;
			productRefGroup = 12078C7A258E1BA800DEBD24 /* Products */;
			projectDirPath = "";
			projectRoot = "";
			targets = (
				12078C78258E1BA800DEBD24 /* WAkz */,
			);
		};
/* End PBXProject section */

/* Begin PBXResourcesBuildPhase section */
		12078C77258E1BA800DEBD24 /* Resources */ = {
			isa = PBXResourcesBuildPhase;
			buildActionMask = 2147483647;
			files = (
				12078C99258E4AA800DEBD24 /* SearchResponse.xib in Resources */,
				12078CA3258E5A9A00DEBD24 /* NothingFound.xib in Resources */,
				12078C89258E1BA900DEBD24 /* LaunchScreen.storyboard in Resources */,
				12078C86258E1BA900DEBD24 /* Assets.xcassets in Resources */,
				12078C84258E1BA800DEBD24 /* Main.storyboard in Resources */,
			);
			runOnlyForDeploymentPostprocessing = 0;
		};
/* End PBXResourcesBuildPhase section */

/* Begin PBXSourcesBuildPhase section */
		12078C75258E1BA800DEBD24 /* Sources */ = {
			isa = PBXSourcesBuildPhase;
			buildActionMask = 2147483647;
			files = (
				12078C9F258E4F7E00DEBD24 /* SearchResponseCell.swift in Sources */,
				12078C81258E1BA800DEBD24 /* WeatherViewController.swift in Sources */,
				12078C96258E301400DEBD24 /* SearchResponse.swift in Sources */,
				12078C7D258E1BA800DEBD24 /* AppDelegate.swift in Sources */,
				12078C7F258E1BA800DEBD24 /* SceneDelegate.swift in Sources */,
				12078C93258E2D1300DEBD24 /* SearchBar + TableView.swift in Sources */,
			);
			runOnlyForDeploymentPostprocessing = 0;
		};
/* End PBXSourcesBuildPhase section */

/* Begin PBXVariantGroup section */
		12078C82258E1BA800DEBD24 /* Main.storyboard */ = {
			isa = PBXVariantGroup;
			children = (
				12078C83258E1BA800DEBD24 /* Base */,
			);
			name = Main.storyboard;
			sourceTree = "<group>";
		};
		12078C87258E1BA900DEBD24 /* LaunchScreen.storyboard */ = {
			isa = PBXVariantGroup;
			children = (
				12078C88258E1BA900DEBD24 /* Base */,
			);
			name = LaunchScreen.storyboard;
			sourceTree = "<group>";
		};
/* End PBXVariantGroup section */

/* Begin XCBuildConfiguration section */
		12078C8B258E1BA900DEBD24 /* Debug */ = {
			isa = XCBuildConfiguration;
			buildSettings = {
				ALWAYS_SEARCH_USER_PATHS = NO;
				CLANG_ANALYZER_NONNULL = YES;
				CLANG_ANALYZER_NUMBER_OBJECT_CONVERSION = YES_AGGRESSIVE;
				CLANG_CXX_LANGUAGE_STANDARD = "gnu++14";
				CLANG_CXX_LIBRARY = "libc++";
				CLANG_ENABLE_MODULES = YES;
				CLANG_ENABLE_OBJC_ARC = YES;
				CLANG_ENABLE_OBJC_WEAK = YES;
				CLANG_WARN_BLOCK_CAPTURE_AUTORELEASING = YES;
				CLANG_WARN_BOOL_CONVERSION = YES;
				CLANG_WARN_COMMA = YES;
				CLANG_WARN_CONSTANT_CONVERSION = YES;
				CLANG_WARN_DEPRECATED_OBJC_IMPLEMENTATIONS = YES;
				CLANG_WARN_DIRECT_OBJC_ISA_USAGE = YES_ERROR;
				CLANG_WARN_DOCUMENTATION_COMMENTS = YES;
				CLANG_WARN_EMPTY_BODY = YES;
				CLANG_WARN_ENUM_CONVERSION = YES;
				CLANG_WARN_INFINITE_RECURSION = YES;
				CLANG_WARN_INT_CONVERSION = YES;
				CLANG_WARN_NON_LITERAL_NULL_CONVERSION = YES;
				CLANG_WARN_OBJC_IMPLICIT_RETAIN_SELF = YES;
				CLANG_WARN_OBJC_LITERAL_CONVERSION = YES;
				CLANG_WARN_OBJC_ROOT_CLASS = YES_ERROR;
				CLANG_WARN_QUOTED_INCLUDE_IN_FRAMEWORK_HEADER = YES;
				CLANG_WARN_RANGE_LOOP_ANALYSIS = YES;
				CLANG_WARN_STRICT_PROTOTYPES = YES;
				CLANG_WARN_SUSPICIOUS_MOVE = YES;
				CLANG_WARN_UNGUARDED_AVAILABILITY = YES_AGGRESSIVE;
				CLANG_WARN_UNREACHABLE_CODE = YES;
				CLANG_WARN__DUPLICATE_METHOD_MATCH = YES;
				COPY_PHASE_STRIP = NO;
				DEBUG_INFORMATION_FORMAT = dwarf;
				ENABLE_STRICT_OBJC_MSGSEND = YES;
				ENABLE_TESTABILITY = YES;
				GCC_C_LANGUAGE_STANDARD = gnu11;
				GCC_DYNAMIC_NO_PIC = NO;
				GCC_NO_COMMON_BLOCKS = YES;
				GCC_OPTIMIZATION_LEVEL = 0;
				GCC_PREPROCESSOR_DEFINITIONS = (
					"DEBUG=1",
					"$(inherited)",
				);
				GCC_WARN_64_TO_32_BIT_CONVERSION = YES;
				GCC_WARN_ABOUT_RETURN_TYPE = YES_ERROR;
				GCC_WARN_UNDECLARED_SELECTOR = YES;
				GCC_WARN_UNINITIALIZED_AUTOS = YES_AGGRESSIVE;
				GCC_WARN_UNUSED_FUNCTION = YES;
				GCC_WARN_UNUSED_VARIABLE = YES;
				IPHONEOS_DEPLOYMENT_TARGET = 14.3;
				MTL_ENABLE_DEBUG_INFO = INCLUDE_SOURCE;
				MTL_FAST_MATH = YES;
				ONLY_ACTIVE_ARCH = YES;
				SDKROOT = iphoneos;
				SWIFT_ACTIVE_COMPILATION_CONDITIONS = DEBUG;
				SWIFT_OPTIMIZATION_LEVEL = "-Onone";
			};
			name = Debug;
		};
		12078C8C258E1BA900DEBD24 /* Release */ = {
			isa = XCBuildConfiguration;
			buildSettings = {
				ALWAYS_SEARCH_USER_PATHS = NO;
				CLANG_ANALYZER_NONNULL = YES;
				CLANG_ANALYZER_NUMBER_OBJECT_CONVERSION = YES_AGGRESSIVE;
				CLANG_CXX_LANGUAGE_STANDARD = "gnu++14";
				CLANG_CXX_LIBRARY = "libc++";
				CLANG_ENABLE_MODULES = YES;
				CLANG_ENABLE_OBJC_ARC = YES;
				CLANG_ENABLE_OBJC_WEAK = YES;
				CLANG_WARN_BLOCK_CAPTURE_AUTORELEASING = YES;
				CLANG_WARN_BOOL_CONVERSION = YES;
				CLANG_WARN_COMMA = YES;
				CLANG_WARN_CONSTANT_CONVERSION = YES;
				CLANG_WARN_DEPRECATED_OBJC_IMPLEMENTATIONS = YES;
				CLANG_WARN_DIRECT_OBJC_ISA_USAGE = YES_ERROR;
				CLANG_WARN_DOCUMENTATION_COMMENTS = YES;
				CLANG_WARN_EMPTY_BODY = YES;
				CLANG_WARN_ENUM_CONVERSION = YES;
				CLANG_WARN_INFINITE_RECURSION = YES;
				CLANG_WARN_INT_CONVERSION = YES;
				CLANG_WARN_NON_LITERAL_NULL_CONVERSION = YES;
				CLANG_WARN_OBJC_IMPLICIT_RETAIN_SELF = YES;
				CLANG_WARN_OBJC_LITERAL_CONVERSION = YES;
				CLANG_WARN_OBJC_ROOT_CLASS = YES_ERROR;
				CLANG_WARN_QUOTED_INCLUDE_IN_FRAMEWORK_HEADER = YES;
				CLANG_WARN_RANGE_LOOP_ANALYSIS = YES;
				CLANG_WARN_STRICT_PROTOTYPES = YES;
				CLANG_WARN_SUSPICIOUS_MOVE = YES;
				CLANG_WARN_UNGUARDED_AVAILABILITY = YES_AGGRESSIVE;
				CLANG_WARN_UNREACHABLE_CODE = YES;
				CLANG_WARN__DUPLICATE_METHOD_MATCH = YES;
				COPY_PHASE_STRIP = NO;
				DEBUG_INFORMATION_FORMAT = "dwarf-with-dsym";
				ENABLE_NS_ASSERTIONS = NO;
				ENABLE_STRICT_OBJC_MSGSEND = YES;
				GCC_C_LANGUAGE_STANDARD = gnu11;
				GCC_NO_COMMON_BLOCKS = YES;
				GCC_WARN_64_TO_32_BIT_CONVERSION = YES;
				GCC_WARN_ABOUT_RETURN_TYPE = YES_ERROR;
				GCC_WARN_UNDECLARED_SELECTOR = YES;
				GCC_WARN_UNINITIALIZED_AUTOS = YES_AGGRESSIVE;
				GCC_WARN_UNUSED_FUNCTION = YES;
				GCC_WARN_UNUSED_VARIABLE = YES;
				IPHONEOS_DEPLOYMENT_TARGET = 14.3;
				MTL_ENABLE_DEBUG_INFO = NO;
				MTL_FAST_MATH = YES;
				SDKROOT = iphoneos;
				SWIFT_COMPILATION_MODE = wholemodule;
				SWIFT_OPTIMIZATION_LEVEL = "-O";
				VALIDATE_PRODUCT = YES;
			};
			name = Release;
		};
		12078C8E258E1BA900DEBD24 /* Debug */ = {
			isa = XCBuildConfiguration;
			buildSettings = {
				ASSETCATALOG_COMPILER_APPICON_NAME = AppIcon;
				ASSETCATALOG_COMPILER_GLOBAL_ACCENT_COLOR_NAME = AccentColor;
				CODE_SIGN_STYLE = Automatic;
				DEVELOPMENT_TEAM = ZMQ445A332;
				INFOPLIST_FILE = WAkz/Info.plist;
				LD_RUNPATH_SEARCH_PATHS = (
					"$(inherited)",
					"@executable_path/Frameworks",
				);
				PRODUCT_BUNDLE_IDENTIFIER = com.almagulmusabekova.WAkz;
				PRODUCT_NAME = "$(TARGET_NAME)";
				SWIFT_VERSION = 5.0;
				TARGETED_DEVICE_FAMILY = "1,2";
			};
			name = Debug;
		};
		12078C8F258E1BA900DEBD24 /* Release */ = {
			isa = XCBuildConfiguration;
			buildSettings = {
				ASSETCATALOG_COMPILER_APPICON_NAME = AppIcon;
				ASSETCATALOG_COMPILER_GLOBAL_ACCENT_COLOR_NAME = AccentColor;
				CODE_SIGN_STYLE = Automatic;
				DEVELOPMENT_TEAM = ZMQ445A332;
				INFOPLIST_FILE = WAkz/Info.plist;
				LD_RUNPATH_SEARCH_PATHS = (
					"$(inherited)",
					"@executable_path/Frameworks",
				);
				PRODUCT_BUNDLE_IDENTIFIER = com.almagulmusabekova.WAkz;
				PRODUCT_NAME = "$(TARGET_NAME)";
				SWIFT_VERSION = 5.0;
				TARGETED_DEVICE_FAMILY = "1,2";
			};
			name = Release;
		};
/* End XCBuildConfiguration section */

/* Begin XCConfigurationList section */
		12078C74258E1BA700DEBD24 /* Build configuration list for PBXProject "WAkz" */ = {
			isa = XCConfigurationList;
			buildConfigurations = (
				12078C8B258E1BA900DEBD24 /* Debug */,
				12078C8C258E1BA900DEBD24 /* Release */,
			);
			defaultConfigurationIsVisible = 0;
			defaultConfigurationName = Release;
		};
		12078C8D258E1BA900DEBD24 /* Build configuration list for PBXNativeTarget "WAkz" */ = {
			isa = XCConfigurationList;
			buildConfigurations = (
				12078C8E258E1BA900DEBD24 /* Debug */,
				12078C8F258E1BA900DEBD24 /* Release */,
			);
			defaultConfigurationIsVisible = 0;
			defaultConfigurationName = Release;
		};
/* End XCConfigurationList section */
	};
	rootObject = 12078C71258E1BA700DEBD24 /* Project object */;
}
